
Microsoft Visual Studio Solution File, Format Version 11.00
# Visual Studio 2010
Project("{FAE04EC0-301F-11D3-BF4B-00C04F79EFBC}") = "Edgegap", "Edgegap.csproj", "{e32b0fff-5e50-b6ff-4f73-a08b06ca6e5e}"
EndProject
Project("{FAE04EC0-301F-11D3-BF4B-00C04F79EFBC}") = "Mirror.Examples", "Mirror.Examples.csproj", "{6a7c9531-1497-35ff-16ce-f30733875dbe}"
EndProject
Project("{FAE04EC0-301F-11D3-BF4B-00C04F79EFBC}") = "Mirror.Components", "Mirror.Components.csproj", "{37f3f525-c7c3-2ccd-321a-d5107b23b5d5}"
EndProject
Project("{FAE04EC0-301F-11D3-BF4B-00C04F79EFBC}") = "Assembly-CSharp", "Assembly-CSharp.csproj", "{458b3da3-d269-865a-96a5-6e036c37b15c}"
EndProject
Project("{FAE04EC0-301F-11D3-BF4B-00C04F79EFBC}") = "Mirror.Transports", "Mirror.Transports.csproj", "{593d9725-5167-c48f-a50c-be5862d1664b}"
EndProject
Project("{FAE04EC0-301F-11D3-BF4B-00C04F79EFBC}") = "Mirror", "Mirror.csproj", "{b0aa824c-aebb-9fd1-1e60-64a03bc001b3}"
EndProject
Project("{FAE04EC0-301F-11D3-BF4B-00C04F79EFBC}") = "SimpleWebTransport", "SimpleWebTransport.csproj", "{d2a8ff0c-e3fd-cd2e-eeb5-dab7cf9b5723}"
EndProject
Project("{FAE04EC0-301F-11D3-BF4B-00C04F79EFBC}") = "Telepathy", "Telepathy.csproj", "{c6944cf1-10bd-891e-85be-c0a2ce3f8bee}"
EndProject
Project("{FAE04EC0-301F-11D3-BF4B-00C04F79EFBC}") = "kcp2k", "kcp2k.csproj", "{d9f71ee7-a078-45a3-083e-bf024fbbf9e9}"
EndProject
Project("{FAE04EC0-301F-11D3-BF4B-00C04F79EFBC}") = "Mirror.Authenticators", "Mirror.Authenticators.csproj", "{053436b5-139b-ff11-1f89-3d831fa02542}"
EndProject
Project("{FAE04EC0-301F-11D3-BF4B-00C04F79EFBC}") = "Mirror.Editor", "Mirror.Editor.csproj", "{094f4db3-c2e5-ddb7-0e2d-9851df3c1674}"
EndProject
Project("{FAE04EC0-301F-11D3-BF4B-00C04F79EFBC}") = "Unity.Mirror.CodeGen", "Unity.Mirror.CodeGen.csproj", "{989169d4-fb4f-8c51-1ed7-b6605a0fc485}"
EndProject
Project("{FAE04EC0-301F-11D3-BF4B-00C04F79EFBC}") = "Mirror.CompilerSymbols", "Mirror.CompilerSymbols.csproj", "{70b2c15a-d9bf-0a58-1b0b-f8f7d2e3f41c}"
EndProject
Project("{FAE04EC0-301F-11D3-BF4B-00C04F79EFBC}") = "EncryptionTransportEditor", "EncryptionTransportEditor.csproj", "{9231f28e-8227-656c-9432-3c2e7a6c3e79}"
EndProject
Global
	GlobalSection(SolutionConfigurationPlatforms) = preSolution
		Debug|Any CPU = Debug|Any CPU
	EndGlobalSection
	GlobalSection(ProjectConfigurationPlatforms) = postSolution
		{e32b0fff-5e50-b6ff-4f73-a08b06ca6e5e}.Debug|Any CPU.ActiveCfg = Debug|Any CPU
		{e32b0fff-5e50-b6ff-4f73-a08b06ca6e5e}.Debug|Any CPU.Build.0 = Debug|Any CPU
		{6a7c9531-1497-35ff-16ce-f30733875dbe}.Debug|Any CPU.ActiveCfg = Debug|Any CPU
		{6a7c9531-1497-35ff-16ce-f30733875dbe}.Debug|Any CPU.Build.0 = Debug|Any CPU
		{37f3f525-c7c3-2ccd-321a-d5107b23b5d5}.Debug|Any CPU.ActiveCfg = Debug|Any CPU
		{37f3f525-c7c3-2ccd-321a-d5107b23b5d5}.Debug|Any CPU.Build.0 = Debug|Any CPU
		{458b3da3-d269-865a-96a5-6e036c37b15c}.Debug|Any CPU.ActiveCfg = Debug|Any CPU
		{458b3da3-d269-865a-96a5-6e036c37b15c}.Debug|Any CPU.Build.0 = Debug|Any CPU
		{593d9725-5167-c48f-a50c-be5862d1664b}.Debug|Any CPU.ActiveCfg = Debug|Any CPU
		{593d9725-5167-c48f-a50c-be5862d1664b}.Debug|Any CPU.Build.0 = Debug|Any CPU
		{b0aa824c-aebb-9fd1-1e60-64a03bc001b3}.Debug|Any CPU.ActiveCfg = Debug|Any CPU
		{b0aa824c-aebb-9fd1-1e60-64a03bc001b3}.Debug|Any CPU.Build.0 = Debug|Any CPU
		{d2a8ff0c-e3fd-cd2e-eeb5-dab7cf9b5723}.Debug|Any CPU.ActiveCfg = Debug|Any CPU
		{d2a8ff0c-e3fd-cd2e-eeb5-dab7cf9b5723}.Debug|Any CPU.Build.0 = Debug|Any CPU
		{c6944cf1-10bd-891e-85be-c0a2ce3f8bee}.Debug|Any CPU.ActiveCfg = Debug|Any CPU
		{c6944cf1-10bd-891e-85be-c0a2ce3f8bee}.Debug|Any CPU.Build.0 = Debug|Any CPU
		{d9f71ee7-a078-45a3-083e-bf024fbbf9e9}.Debug|Any CPU.ActiveCfg = Debug|Any CPU
		{d9f71ee7-a078-45a3-083e-bf024fbbf9e9}.Debug|Any CPU.Build.0 = Debug|Any CPU
		{053436b5-139b-ff11-1f89-3d831fa02542}.Debug|Any CPU.ActiveCfg = Debug|Any CPU
		{053436b5-139b-ff11-1f89-3d831fa02542}.Debug|Any CPU.Build.0 = Debug|Any CPU
		{094f4db3-c2e5-ddb7-0e2d-9851df3c1674}.Debug|Any CPU.ActiveCfg = Debug|Any CPU
		{094f4db3-c2e5-ddb7-0e2d-9851df3c1674}.Debug|Any CPU.Build.0 = Debug|Any CPU
		{989169d4-fb4f-8c51-1ed7-b6605a0fc485}.Debug|Any CPU.ActiveCfg = Debug|Any CPU
		{989169d4-fb4f-8c51-1ed7-b6605a0fc485}.Debug|Any CPU.Build.0 = Debug|Any CPU
		{70b2c15a-d9bf-0a58-1b0b-f8f7d2e3f41c}.Debug|Any CPU.ActiveCfg = Debug|Any CPU
		{70b2c15a-d9bf-0a58-1b0b-f8f7d2e3f41c}.Debug|Any CPU.Build.0 = Debug|Any CPU
		{9231f28e-8227-656c-9432-3c2e7a6c3e79}.Debug|Any CPU.ActiveCfg = Debug|Any CPU
		{9231f28e-8227-656c-9432-3c2e7a6c3e79}.Debug|Any CPU.Build.0 = Debug|Any CPU
	EndGlobalSection
	GlobalSection(SolutionProperties) = preSolution
		HideSolutionNode = FALSE
	EndGlobalSection
EndGlobal
